
Microsoft Visual Studio Solution File, Format Version 12.00
# Visual Studio Version 17
VisualStudioVersion = 17.7.34031.279
MinimumVisualStudioVersion = 10.0.40219.1
Project("{9A19103F-16F7-4668-BE54-9A1E7A4F7556}") = "SQLDataLayer", "SQLDataLayer\SQLDataLayer.csproj", "{48B2C4CD-B1FB-45A7-91EB-E5E11B449F19}"
EndProject
Project("{FAE04EC0-301F-11D3-BF4B-00C04F79EFBC}") = "TestSqlConn", "TestSqlConn\TestSqlConn.csproj", "{BED0EE7E-F6B1-4260-8FF3-4A9439C8C7C0}"
EndProject
Global
	GlobalSection(SolutionConfigurationPlatforms) = preSolution
		Debug|Any CPU = Debug|Any CPU
		Release|Any CPU = Release|Any CPU
	EndGlobalSection
	GlobalSection(ProjectConfigurationPlatforms) = postSolution
		{48B2C4CD-B1FB-45A7-91EB-E5E11B449F19}.Debug|Any CPU.ActiveCfg = Debug|Any CPU
		{48B2C4CD-B1FB-45A7-91EB-E5E11B449F19}.Debug|Any CPU.Build.0 = Debug|Any CPU
		{48B2C4CD-B1FB-45A7-91EB-E5E11B449F19}.Release|Any CPU.ActiveCfg = Release|Any CPU
		{48B2C4CD-B1FB-45A7-91EB-E5E11B449F19}.Release|Any CPU.Build.0 = Release|Any CPU
		{BED0EE7E-F6B1-4260-8FF3-4A9439C8C7C0}.Debug|Any CPU.ActiveCfg = Debug|Any CPU
		{BED0EE7E-F6B1-4260-8FF3-4A9439C8C7C0}.Debug|Any CPU.Build.0 = Debug|Any CPU
		{BED0EE7E-F6B1-4260-8FF3-4A9439C8C7C0}.Release|Any CPU.ActiveCfg = Release|Any CPU
		{BED0EE7E-F6B1-4260-8FF3-4A9439C8C7C0}.Release|Any CPU.Build.0 = Release|Any CPU
	EndGlobalSection
	GlobalSection(SolutionProperties) = preSolution
		HideSolutionNode = FALSE
	EndGlobalSection
	GlobalSection(ExtensibilityGlobals) = postSolution
		SolutionGuid = {AB7F8227-73F4-4B90-906C-6F8F22C80BBC}
	EndGlobalSection
EndGlobal
